{
  "name": "svelte-kit-sample",
  "version": "0.0.1",
  "lockfileVersion": 2,
  "requires": true,
  "packages": {
    "": {
      "name": "svelte-kit-sample",
      "version": "0.0.1",
      "dependencies": {
        "@fontsource/fira-mono": "^4.5.0",
        "@lukeed/uuid": "^2.0.0",
        "cookie": "^0.4.1"
      },
      "devDependencies": {
        "@serverless/cloud": "^2.6.13",
        "@sveltejs/kit": "next",
        "svelte": "^3.46.0"
      }
    },
    "../../../cloud/cli": {
      "name": "@serverless/cloud",
      "version": "2.7.5",
      "dev": true,
      "license": "Apache-2.0",
      "bin": {
        "cloud": "bin/bin"
      },
      "devDependencies": {
        "@babel/preset-typescript": "^7.16.7",
        "@sentry/node": "^6.16.1",
        "@serverless/eslint-config": "^3.0.0",
        "@serverless/platform-client": "^4.3.1",
        "@serverless/utils": "^6.0.0",
        "@types/express": "^4.17.13",
        "@types/http-proxy": "^1.17.8",
        "@types/jest": "^27.4.0",
        "adm-zip": "^0.5.5",
        "ansi-escapes": "^4.3.1",
        "axios": "^0.21.1",
        "axios-retry": "^3.2.0",
        "chalk": "^4.1.0",
        "child-process-ext": "^2.1.1",
        "chokidar": "^3.5.0",
        "chunk": "^0.0.3",
        "dayjs": "^1.10.4",
        "debounce": "^1.2.1",
        "del": "^6.0.0",
        "download": "^8.0.0",
        "download-git-repo": "^3.0.2",
        "esbuild": "0.14.23",
        "esbuild-jest": "^0.5.0",
        "esbuild-plugin-wasm": "^1.0.0",
        "eslint": "^8.7.0",
        "eslint-config-prettier": "^8.3.0",
        "eslint-plugin-import": "^2.22.1",
        "eslint-plugin-jest": "^25.7.0",
        "fdir": "^5.2.0",
        "figures": "^3.2.0",
        "fs-extra": "^9.0.1",
        "get-port": "^5.0.0",
        "git-list-updated": "^1.2.1",
        "github-release-from-cc-changelog": "^2.2.0",
        "http-proxy": "^1.18.1",
        "ignore": "^5.2.0",
        "is-git-url": "^1.0.0",
        "is-installed-globally": "^0.4.0",
        "it-parallel": "^2.0.1",
        "jest": "^27.1.0",
        "keypress": "^0.2.1",
        "lz4-wasm-nodejs": "^0.7.5",
        "minimist": "^1.2.5",
        "node-emoji": "^1.10.0",
        "normalize-path": "^3.0.0",
        "open": "^8.2.0",
        "parse-packagejson-name": "^1.0.1",
        "pluralize": "^8.0.0",
        "prettier": "^2.5.0",
        "ramda": "^0.27.2",
        "semver": "^5.7.1",
        "strip-ansi": "^6.0.0",
        "terminate": "^2.5.0",
        "which": "^2.0.2"
      },
      "engines": {
        "node": ">=12.0.0"
      },
      "optionalDependencies": {
        "fsevents": "~2.3.2"
      }
    },
    "../../../cloud/cli/node_modules/get-port": {
      "version": "5.1.1",
      "dev": true,
      "license": "MIT",
      "engines": {
        "node": ">=8"
      },
      "funding": {
        "url": "https://github.com/sponsors/sindresorhus"
      }
    },
    "../../../cloud/cli/node_modules/which": {
      "version": "2.0.2",
      "dev": true,
      "license": "ISC",
      "dependencies": {
        "isexe": "^2.0.0"
      },
      "bin": {
        "node-which": "bin/node-which"
      },
      "engines": {
        "node": ">= 8"
      }
    },
    "node_modules/@fontsource/fira-mono": {
      "version": "4.5.4",
      "license": "MIT"
    },
    "node_modules/@lukeed/csprng": {
      "version": "1.0.1",
      "license": "MIT",
      "engines": {
        "node": ">=8"
      }
    },
    "node_modules/@lukeed/uuid": {
      "version": "2.0.0",
      "license": "MIT",
      "dependencies": {
        "@lukeed/csprng": "^1.0.0"
      },
      "engines": {
        "node": ">=8"
      }
    },
    "node_modules/@rollup/pluginutils": {
      "version": "4.2.0",
      "dev": true,
      "license": "MIT",
      "dependencies": {
        "estree-walker": "^2.0.1",
        "picomatch": "^2.2.2"
      },
      "engines": {
        "node": ">= 8.0.0"
      }
    },
    "node_modules/@serverless/cloud": {
      "resolved": "../../../cloud/cli",
      "link": true
    },
    "node_modules/@sveltejs/kit": {
      "version": "1.0.0-next.301",
      "resolved": "https://registry.npmjs.org/@sveltejs/kit/-/kit-1.0.0-next.301.tgz",
      "integrity": "sha512-F/XP1VEu+fpvgY04JekNxAFupccNMKOyXtbox0LwNJvBulL15/Tzy6tf4g+9t2Jy7mprwI3h0ZC9G/nVujRFnQ==",
      "dev": true,
      "dependencies": {
        "@sveltejs/vite-plugin-svelte": "^1.0.0-next.32",
        "sade": "^1.7.4",
        "vite": "^2.8.0"
      },
      "bin": {
        "svelte-kit": "svelte-kit.js"
      },
      "engines": {
        "node": ">=14.13"
      },
      "peerDependencies": {
        "svelte": "^3.44.0"
      }
    },
    "node_modules/@sveltejs/vite-plugin-svelte": {
      "version": "1.0.0-next.40",
      "dev": true,
      "license": "MIT",
      "dependencies": {
        "@rollup/pluginutils": "^4.2.0",
        "debug": "^4.3.3",
        "kleur": "^4.1.4",
        "magic-string": "^0.26.1",
        "svelte-hmr": "^0.14.11"
      },
      "engines": {
        "node": "^14.13.1 || >= 16"
      },
      "peerDependencies": {
        "diff-match-patch": "^1.0.5",
        "svelte": "^3.44.0",
        "vite": "^2.7.0"
      },
      "peerDependenciesMeta": {
        "diff-match-patch": {
          "optional": true
        }
      }
    },
    "node_modules/cookie": {
      "version": "0.4.2",
      "license": "MIT",
      "engines": {
        "node": ">= 0.6"
      }
    },
    "node_modules/debug": {
      "version": "4.3.4",
      "dev": true,
      "license": "MIT",
      "dependencies": {
        "ms": "2.1.2"
      },
      "engines": {
        "node": ">=6.0"
      },
      "peerDependenciesMeta": {
        "supports-color": {
          "optional": true
        }
      }
    },
    "node_modules/esbuild": {
      "version": "0.14.27",
      "dev": true,
      "hasInstallScript": true,
      "license": "MIT",
      "bin": {
        "esbuild": "bin/esbuild"
      },
      "engines": {
        "node": ">=12"
      },
      "optionalDependencies": {
        "esbuild-android-64": "0.14.27",
        "esbuild-android-arm64": "0.14.27",
        "esbuild-darwin-64": "0.14.27",
        "esbuild-darwin-arm64": "0.14.27",
        "esbuild-freebsd-64": "0.14.27",
        "esbuild-freebsd-arm64": "0.14.27",
        "esbuild-linux-32": "0.14.27",
        "esbuild-linux-64": "0.14.27",
        "esbuild-linux-arm": "0.14.27",
        "esbuild-linux-arm64": "0.14.27",
        "esbuild-linux-mips64le": "0.14.27",
        "esbuild-linux-ppc64le": "0.14.27",
        "esbuild-linux-riscv64": "0.14.27",
        "esbuild-linux-s390x": "0.14.27",
        "esbuild-netbsd-64": "0.14.27",
        "esbuild-openbsd-64": "0.14.27",
        "esbuild-sunos-64": "0.14.27",
        "esbuild-windows-32": "0.14.27",
        "esbuild-windows-64": "0.14.27",
        "esbuild-windows-arm64": "0.14.27"
      }
    },
    "node_modules/esbuild-linux-64": {
      "version": "0.14.27",
      "cpu": [
        "x64"
      ],
      "dev": true,
      "license": "MIT",
      "optional": true,
      "os": [
        "linux"
      ],
      "engines": {
        "node": ">=12"
      }
    },
    "node_modules/estree-walker": {
      "version": "2.0.2",
      "dev": true,
      "license": "MIT"
    },
    "node_modules/function-bind": {
      "version": "1.1.1",
      "dev": true,
      "license": "MIT"
    },
    "node_modules/has": {
      "version": "1.0.3",
      "dev": true,
      "license": "MIT",
      "dependencies": {
        "function-bind": "^1.1.1"
      },
      "engines": {
        "node": ">= 0.4.0"
      }
    },
    "node_modules/is-core-module": {
      "version": "2.8.1",
      "dev": true,
      "license": "MIT",
      "dependencies": {
        "has": "^1.0.3"
      },
      "funding": {
        "url": "https://github.com/sponsors/ljharb"
      }
    },
    "node_modules/kleur": {
      "version": "4.1.4",
      "dev": true,
      "license": "MIT",
      "engines": {
        "node": ">=6"
      }
    },
    "node_modules/magic-string": {
      "version": "0.26.1",
      "dev": true,
      "license": "MIT",
      "dependencies": {
        "sourcemap-codec": "^1.4.8"
      },
      "engines": {
        "node": ">=12"
      }
    },
    "node_modules/mri": {
      "version": "1.2.0",
      "dev": true,
      "license": "MIT",
      "engines": {
        "node": ">=4"
      }
    },
    "node_modules/ms": {
      "version": "2.1.2",
      "dev": true,
      "license": "MIT"
    },
    "node_modules/nanoid": {
      "version": "3.3.1",
      "dev": true,
      "license": "MIT",
      "bin": {
        "nanoid": "bin/nanoid.cjs"
      },
      "engines": {
        "node": "^10 || ^12 || ^13.7 || ^14 || >=15.0.1"
      }
    },
    "node_modules/path-parse": {
      "version": "1.0.7",
      "dev": true,
      "license": "MIT"
    },
    "node_modules/picocolors": {
      "version": "1.0.0",
      "dev": true,
      "license": "ISC"
    },
    "node_modules/picomatch": {
      "version": "2.3.1",
      "dev": true,
      "license": "MIT",
      "engines": {
        "node": ">=8.6"
      },
      "funding": {
        "url": "https://github.com/sponsors/jonschlinkert"
      }
    },
    "node_modules/postcss": {
      "version": "8.4.12",
      "dev": true,
      "funding": [
        {
          "type": "opencollective",
          "url": "https://opencollective.com/postcss/"
        },
        {
          "type": "tidelift",
          "url": "https://tidelift.com/funding/github/npm/postcss"
        }
      ],
      "license": "MIT",
      "dependencies": {
        "nanoid": "^3.3.1",
        "picocolors": "^1.0.0",
        "source-map-js": "^1.0.2"
      },
      "engines": {
        "node": "^10 || ^12 || >=14"
      }
    },
    "node_modules/resolve": {
      "version": "1.22.0",
      "dev": true,
      "license": "MIT",
      "dependencies": {
        "is-core-module": "^2.8.1",
        "path-parse": "^1.0.7",
        "supports-preserve-symlinks-flag": "^1.0.0"
      },
      "bin": {
        "resolve": "bin/resolve"
      },
      "funding": {
        "url": "https://github.com/sponsors/ljharb"
      }
    },
    "node_modules/rollup": {
      "version": "2.70.1",
      "dev": true,
      "license": "MIT",
      "bin": {
        "rollup": "dist/bin/rollup"
      },
      "engines": {
        "node": ">=10.0.0"
      },
      "optionalDependencies": {
        "fsevents": "~2.3.2"
      }
    },
    "node_modules/sade": {
      "version": "1.8.1",
      "dev": true,
      "license": "MIT",
      "dependencies": {
        "mri": "^1.1.0"
      },
      "engines": {
        "node": ">=6"
      }
    },
    "node_modules/source-map-js": {
      "version": "1.0.2",
      "dev": true,
      "license": "BSD-3-Clause",
      "engines": {
        "node": ">=0.10.0"
      }
    },
    "node_modules/sourcemap-codec": {
      "version": "1.4.8",
      "dev": true,
      "license": "MIT"
    },
    "node_modules/supports-preserve-symlinks-flag": {
      "version": "1.0.0",
      "dev": true,
      "license": "MIT",
      "engines": {
        "node": ">= 0.4"
      },
      "funding": {
        "url": "https://github.com/sponsors/ljharb"
      }
    },
    "node_modules/svelte": {
      "version": "3.46.4",
      "dev": true,
      "license": "MIT",
      "engines": {
        "node": ">= 8"
      }
    },
    "node_modules/svelte-hmr": {
      "version": "0.14.11",
      "dev": true,
      "license": "ISC",
      "engines": {
        "node": "^12.20 || ^14.13.1 || >= 16"
      },
      "peerDependencies": {
        "svelte": ">=3.19.0"
      }
    },
    "node_modules/vite": {
      "version": "2.8.6",
      "dev": true,
      "license": "MIT",
      "dependencies": {
        "esbuild": "^0.14.14",
        "postcss": "^8.4.6",
        "resolve": "^1.22.0",
        "rollup": "^2.59.0"
      },
      "bin": {
        "vite": "bin/vite.js"
      },
      "engines": {
        "node": ">=12.2.0"
      },
      "optionalDependencies": {
        "fsevents": "~2.3.2"
      },
      "peerDependencies": {
        "less": "*",
        "sass": "*",
        "stylus": "*"
      },
      "peerDependenciesMeta": {
        "less": {
          "optional": true
        },
        "sass": {
          "optional": true
        },
        "stylus": {
          "optional": true
        }
      }
    }
  },
  "dependencies": {
    "@fontsource/fira-mono": {
      "version": "4.5.4"
    },
    "@lukeed/csprng": {
      "version": "1.0.1"
    },
    "@lukeed/uuid": {
      "version": "2.0.0",
      "requires": {
        "@lukeed/csprng": "^1.0.0"
      }
    },
    "@rollup/pluginutils": {
      "version": "4.2.0",
      "dev": true,
      "requires": {
        "estree-walker": "^2.0.1",
        "picomatch": "^2.2.2"
      }
    },
    "@serverless/cloud": {
      "version": "file:../../../cloud/cli",
      "requires": {
        "@babel/preset-typescript": "^7.16.7",
        "@sentry/node": "^6.16.1",
        "@serverless/eslint-config": "^3.0.0",
        "@serverless/platform-client": "^4.3.1",
        "@serverless/utils": "^6.0.0",
        "@types/express": "^4.17.13",
        "@types/http-proxy": "^1.17.8",
        "@types/jest": "^27.4.0",
        "adm-zip": "^0.5.5",
        "ansi-escapes": "^4.3.1",
        "axios": "^0.21.1",
        "axios-retry": "^3.2.0",
        "chalk": "^4.1.0",
        "child-process-ext": "^2.1.1",
        "chokidar": "^3.5.0",
        "chunk": "^0.0.3",
        "dayjs": "^1.10.4",
        "debounce": "^1.2.1",
        "del": "^6.0.0",
        "download": "^8.0.0",
        "download-git-repo": "^3.0.2",
        "esbuild": "0.14.23",
        "esbuild-jest": "^0.5.0",
        "esbuild-plugin-wasm": "^1.0.0",
        "eslint": "^8.7.0",
        "eslint-config-prettier": "^8.3.0",
        "eslint-plugin-import": "^2.22.1",
        "eslint-plugin-jest": "^25.7.0",
        "fdir": "^5.2.0",
        "figures": "^3.2.0",
        "fs-extra": "^9.0.1",
        "fsevents": "~2.3.2",
        "get-port": "^5.0.0",
        "git-list-updated": "^1.2.1",
        "github-release-from-cc-changelog": "^2.2.0",
        "http-proxy": "^1.18.1",
        "ignore": "^5.2.0",
        "is-git-url": "^1.0.0",
        "is-installed-globally": "^0.4.0",
        "it-parallel": "^2.0.1",
        "jest": "^27.1.0",
        "keypress": "^0.2.1",
        "lz4-wasm-nodejs": "^0.7.5",
        "minimist": "^1.2.5",
        "node-emoji": "^1.10.0",
        "normalize-path": "^3.0.0",
        "open": "^8.2.0",
        "parse-packagejson-name": "^1.0.1",
        "pluralize": "^8.0.0",
        "prettier": "^2.5.0",
        "ramda": "^0.27.2",
        "semver": "^5.7.1",
        "strip-ansi": "^6.0.0",
        "terminate": "^2.5.0",
        "which": "^2.0.2"
      },
      "dependencies": {
        "get-port": {
          "version": "5.1.1",
          "dev": true
        },
        "which": {
          "version": "2.0.2",
          "dev": true,
          "requires": {
            "isexe": "^2.0.0"
          }
        }
      }
    },
    "@sveltejs/kit": {
      "version": "1.0.0-next.301",
      "resolved": "https://registry.npmjs.org/@sveltejs/kit/-/kit-1.0.0-next.301.tgz",
      "integrity": "sha512-F/XP1VEu+fpvgY04JekNxAFupccNMKOyXtbox0LwNJvBulL15/Tzy6tf4g+9t2Jy7mprwI3h0ZC9G/nVujRFnQ==",
      "dev": true,
      "requires": {
        "@sveltejs/vite-plugin-svelte": "^1.0.0-next.32",
        "sade": "^1.7.4",
        "vite": "^2.8.0"
      }
    },
    "@sveltejs/vite-plugin-svelte": {
      "version": "1.0.0-next.40",
      "dev": true,
      "requires": {
        "@rollup/pluginutils": "^4.2.0",
        "debug": "^4.3.3",
        "kleur": "^4.1.4",
        "magic-string": "^0.26.1",
        "svelte-hmr": "^0.14.11"
      }
    },
    "cookie": {
      "version": "0.4.2"
    },
    "debug": {
      "version": "4.3.4",
      "dev": true,
      "requires": {
        "ms": "2.1.2"
      }
    },
    "esbuild": {
      "version": "0.14.27",
      "dev": true,
      "requires": {
        "esbuild-android-64": "0.14.27",
        "esbuild-android-arm64": "0.14.27",
        "esbuild-darwin-64": "0.14.27",
        "esbuild-darwin-arm64": "0.14.27",
        "esbuild-freebsd-64": "0.14.27",
        "esbuild-freebsd-arm64": "0.14.27",
        "esbuild-linux-32": "0.14.27",
        "esbuild-linux-64": "0.14.27",
        "esbuild-linux-arm": "0.14.27",
        "esbuild-linux-arm64": "0.14.27",
        "esbuild-linux-mips64le": "0.14.27",
        "esbuild-linux-ppc64le": "0.14.27",
        "esbuild-linux-riscv64": "0.14.27",
        "esbuild-linux-s390x": "0.14.27",
        "esbuild-netbsd-64": "0.14.27",
        "esbuild-openbsd-64": "0.14.27",
        "esbuild-sunos-64": "0.14.27",
        "esbuild-windows-32": "0.14.27",
        "esbuild-windows-64": "0.14.27",
        "esbuild-windows-arm64": "0.14.27"
      }
    },
    "esbuild-linux-64": {
      "version": "0.14.27",
      "dev": true,
      "optional": true
    },
    "estree-walker": {
      "version": "2.0.2",
      "dev": true
    },
    "function-bind": {
      "version": "1.1.1",
      "dev": true
    },
    "has": {
      "version": "1.0.3",
      "dev": true,
      "requires": {
        "function-bind": "^1.1.1"
      }
    },
    "is-core-module": {
      "version": "2.8.1",
      "dev": true,
      "requires": {
        "has": "^1.0.3"
      }
    },
    "kleur": {
      "version": "4.1.4",
      "dev": true
    },
    "magic-string": {
      "version": "0.26.1",
      "dev": true,
      "requires": {
        "sourcemap-codec": "^1.4.8"
      }
    },
    "mri": {
      "version": "1.2.0",
      "dev": true
    },
    "ms": {
      "version": "2.1.2",
      "dev": true
    },
    "nanoid": {
      "version": "3.3.1",
      "dev": true
    },
    "path-parse": {
      "version": "1.0.7",
      "dev": true
    },
    "picocolors": {
      "version": "1.0.0",
      "dev": true
    },
    "picomatch": {
      "version": "2.3.1",
      "dev": true
    },
    "postcss": {
      "version": "8.4.12",
      "dev": true,
      "requires": {
        "nanoid": "^3.3.1",
        "picocolors": "^1.0.0",
        "source-map-js": "^1.0.2"
      }
    },
    "resolve": {
      "version": "1.22.0",
      "dev": true,
      "requires": {
        "is-core-module": "^2.8.1",
        "path-parse": "^1.0.7",
        "supports-preserve-symlinks-flag": "^1.0.0"
      }
    },
    "rollup": {
      "version": "2.70.1",
      "dev": true,
      "requires": {
        "fsevents": "~2.3.2"
      }
    },
    "sade": {
      "version": "1.8.1",
      "dev": true,
      "requires": {
        "mri": "^1.1.0"
      }
    },
    "source-map-js": {
      "version": "1.0.2",
      "dev": true
    },
    "sourcemap-codec": {
      "version": "1.4.8",
      "dev": true
    },
    "supports-preserve-symlinks-flag": {
      "version": "1.0.0",
      "dev": true
    },
    "svelte": {
      "version": "3.46.4",
      "dev": true
    },
    "svelte-hmr": {
      "version": "0.14.11",
      "dev": true,
      "requires": {}
    },
    "vite": {
      "version": "2.8.6",
      "dev": true,
      "requires": {
        "esbuild": "^0.14.14",
        "fsevents": "~2.3.2",
        "postcss": "^8.4.6",
        "resolve": "^1.22.0",
        "rollup": "^2.59.0"
      }
    }
  }
}
